
Microsoft Visual Studio Solution File, Format Version 12.00
# Visual Studio Version 17
VisualStudioVersion = 17.0.31903.59
MinimumVisualStudioVersion = 10.0.40219.1
Project("{FAE04EC0-301F-11D3-BF4B-00C04F79EFBC}") = "CarvedRock.Admin", "src\CarvedRock.Admin\CarvedRock.Admin.csproj", "{49486F27-D173-45B8-B224-D069799B5810}"
EndProject
Global
	GlobalSection(SolutionConfigurationPlatforms) = preSolution
		Debug|Any CPU = Debug|Any CPU
		Release|Any CPU = Release|Any CPU
	EndGlobalSection
	GlobalSection(ProjectConfigurationPlatforms) = postSolution
		{49486F27-D173-45B8-B224-D069799B5810}.Debug|Any CPU.ActiveCfg = Debug|Any CPU
		{49486F27-D173-45B8-B224-D069799B5810}.Debug|Any CPU.Build.0 = Debug|Any CPU
		{49486F27-D173-45B8-B224-D069799B5810}.Release|Any CPU.ActiveCfg = Release|Any CPU
		{49486F27-D173-45B8-B224-D069799B5810}.Release|Any CPU.Build.0 = Release|Any CPU
	EndGlobalSection
	GlobalSection(SolutionProperties) = preSolution
		HideSolutionNode = FALSE
	EndGlobalSection
	GlobalSection(ExtensibilityGlobals) = postSolution
		SolutionGuid = {01BD696E-0D12-4D49-A7F2-30BA21486B90}
	EndGlobalSection
EndGlobal
